// !$*UTF8*$!
{
	archiveVersion = 1;
	classes = {
	};
	objectVersion = 50;
	objects = {

/* Begin PBXBuildFile section */
		502743AD8132A1CE2700B2D9 /* Pods_moya_demo.framework in Frameworks */ = {isa = PBXBuildFile; fileRef = BBB940FAAB684BB7BFEB5675 /* Pods_moya_demo.framework */; };
		5E039D132227C8C3001229D2 /* AppDelegate.swift in Sources */ = {isa = PBXBuildFile; fileRef = 5E039D122227C8C3001229D2 /* AppDelegate.swift */; };
		5E039D152227C8C3001229D2 /* ViewController.swift in Sources */ = {isa = PBXBuildFile; fileRef = 5E039D142227C8C3001229D2 /* ViewController.swift */; };
		5E039D182227C8C3001229D2 /* Main.storyboard in Resources */ = {isa = PBXBuildFile; fileRef = 5E039D162227C8C3001229D2 /* Main.storyboard */; };
		5E039D1A2227C8C4001229D2 /* Assets.xcassets in Resources */ = {isa = PBXBuildFile; fileRef = 5E039D192227C8C4001229D2 /* Assets.xcassets */; };
		5E039D1D2227C8C4001229D2 /* LaunchScreen.storyboard in Resources */ = {isa = PBXBuildFile; fileRef = 5E039D1B2227C8C4001229D2 /* LaunchScreen.storyboard */; };
		5E039D26222A5FD2001229D2 /* Response+ObjectMapper.swift in Sources */ = {isa = PBXBuildFile; fileRef = 5E039D25222A5FD2001229D2 /* Response+ObjectMapper.swift */; };
		5E039D29222A7468001229D2 /* ObservableType+ObjectMapper.swift in Sources */ = {isa = PBXBuildFile; fileRef = 5E039D28222A7468001229D2 /* ObservableType+ObjectMapper.swift */; };
		5E039D2B222A7A03001229D2 /* Single+ObjectMapper.swift in Sources */ = {isa = PBXBuildFile; fileRef = 5E039D2A222A7A03001229D2 /* Single+ObjectMapper.swift */; };
/* End PBXBuildFile section */

/* Begin PBXFileReference section */
		5E039D0F2227C8C3001229D2 /* moya_demo.app */ = {isa = PBXFileReference; explicitFileType = wrapper.application; includeInIndex = 0; path = moya_demo.app; sourceTree = BUILT_PRODUCTS_DIR; };
		5E039D122227C8C3001229D2 /* AppDelegate.swift */ = {isa = PBXFileReference; lastKnownFileType = sourcecode.swift; path = AppDelegate.swift; sourceTree = "<group>"; };
		5E039D142227C8C3001229D2 /* ViewController.swift */ = {isa = PBXFileReference; lastKnownFileType = sourcecode.swift; path = ViewController.swift; sourceTree = "<group>"; };
		5E039D172227C8C3001229D2 /* Base */ = {isa = PBXFileReference; lastKnownFileType = file.storyboard; name = Base; path = Base.lproj/Main.storyboard; sourceTree = "<group>"; };
		5E039D192227C8C4001229D2 /* Assets.xcassets */ = {isa = PBXFileReference; lastKnownFileType = folder.assetcatalog; path = Assets.xcassets; sourceTree = "<group>"; };
		5E039D1C2227C8C4001229D2 /* Base */ = {isa = PBXFileReference; lastKnownFileType = file.storyboard; name = Base; path = Base.lproj/LaunchScreen.storyboard; sourceTree = "<group>"; };
		5E039D1E2227C8C4001229D2 /* Info.plist */ = {isa = PBXFileReference; lastKnownFileType = text.plist.xml; path = Info.plist; sourceTree = "<group>"; };
		5E039D25222A5FD2001229D2 /* Response+ObjectMapper.swift */ = {isa = PBXFileReference; lastKnownFileType = sourcecode.swift; path = "Response+ObjectMapper.swift"; sourceTree = "<group>"; };
		5E039D28222A7468001229D2 /* ObservableType+ObjectMapper.swift */ = {isa = PBXFileReference; lastKnownFileType = sourcecode.swift; path = "ObservableType+ObjectMapper.swift"; sourceTree = "<group>"; };
		5E039D2A222A7A03001229D2 /* Single+ObjectMapper.swift */ = {isa = PBXFileReference; lastKnownFileType = sourcecode.swift; path = "Single+ObjectMapper.swift"; sourceTree = "<group>"; };
		BBB940FAAB684BB7BFEB5675 /* Pods_moya_demo.framework */ = {isa = PBXFileReference; explicitFileType = wrapper.framework; includeInIndex = 0; path = Pods_moya_demo.framework; sourceTree = BUILT_PRODUCTS_DIR; };
		DD38CE9BF343C426AE655BFD /* Pods-moya_demo.debug.xcconfig */ = {isa = PBXFileReference; includeInIndex = 1; lastKnownFileType = text.xcconfig; name = "Pods-moya_demo.debug.xcconfig"; path = "Pods/Target Support Files/Pods-moya_demo/Pods-moya_demo.debug.xcconfig"; sourceTree = "<group>"; };
		F9AFCB938C4C9EAE5418E7D1 /* Pods-moya_demo.release.xcconfig */ = {isa = PBXFileReference; includeInIndex = 1; lastKnownFileType = text.xcconfig; name = "Pods-moya_demo.release.xcconfig"; path = "Pods/Target Support Files/Pods-moya_demo/Pods-moya_demo.release.xcconfig"; sourceTree = "<group>"; };
/* End PBXFileReference section */

/* Begin PBXFrameworksBuildPhase section */
		5E039D0C2227C8C2001229D2 /* Frameworks */ = {
			isa = PBXFrameworksBuildPhase;
			buildActionMask = 2147483647;
			files = (
				502743AD8132A1CE2700B2D9 /* Pods_moya_demo.framework in Frameworks */,
			);
			runOnlyForDeploymentPostprocessing = 0;
		};
/* End PBXFrameworksBuildPhase section */

/* Begin PBXGroup section */
		0457A6A67D9CDA550A0B1328 /* Pods */ = {
			isa = PBXGroup;
			children = (
				DD38CE9BF343C426AE655BFD /* Pods-moya_demo.debug.xcconfig */,
				F9AFCB938C4C9EAE5418E7D1 /* Pods-moya_demo.release.xcconfig */,
			);
			name = Pods;
			sourceTree = "<group>";
		};
		5E039D062227C8C2001229D2 = {
			isa = PBXGroup;
			children = (
				5E039D112227C8C3001229D2 /* moya_demo */,
				5E039D102227C8C3001229D2 /* Products */,
				0457A6A67D9CDA550A0B1328 /* Pods */,
				E1D2C4A1474FB8FC7A0F00B3 /* Frameworks */,
			);
			sourceTree = "<group>";
		};
		5E039D102227C8C3001229D2 /* Products */ = {
			isa = PBXGroup;
			children = (
				5E039D0F2227C8C3001229D2 /* moya_demo.app */,
			);
			name = Products;
			sourceTree = "<group>";
		};
		5E039D112227C8C3001229D2 /* moya_demo */ = {
			isa = PBXGroup;
			children = (
				5E039D24222A5FBE001229D2 /* Source */,
				5E039D122227C8C3001229D2 /* AppDelegate.swift */,
				5E039D142227C8C3001229D2 /* ViewController.swift */,
				5E039D162227C8C3001229D2 /* Main.storyboard */,
				5E039D192227C8C4001229D2 /* Assets.xcassets */,
				5E039D1B2227C8C4001229D2 /* LaunchScreen.storyboard */,
				5E039D1E2227C8C4001229D2 /* Info.plist */,
			);
			path = moya_demo;
			sourceTree = "<group>";
		};
		5E039D24222A5FBE001229D2 /* Source */ = {
			isa = PBXGroup;
			children = (
				5E039D27222A7459001229D2 /* RxSwift */,
				5E039D25222A5FD2001229D2 /* Response+ObjectMapper.swift */,
			);
			path = Source;
			sourceTree = "<group>";
		};
		5E039D27222A7459001229D2 /* RxSwift */ = {
			isa = PBXGroup;
			children = (
				5E039D28222A7468001229D2 /* ObservableType+ObjectMapper.swift */,
				5E039D2A222A7A03001229D2 /* Single+ObjectMapper.swift */,
			);
			path = RxSwift;
			sourceTree = "<group>";
		};
		E1D2C4A1474FB8FC7A0F00B3 /* Frameworks */ = {
			isa = PBXGroup;
			children = (
				BBB940FAAB684BB7BFEB5675 /* Pods_moya_demo.framework */,
			);
			name = Frameworks;
			sourceTree = "<group>";
		};
/* End PBXGroup section */

/* Begin PBXNativeTarget section */
		5E039D0E2227C8C2001229D2 /* moya_demo */ = {
			isa = PBXNativeTarget;
			buildConfigurationList = 5E039D212227C8C4001229D2 /* Build configuration list for PBXNativeTarget "moya_demo" */;
			buildPhases = (
				EE3DF0C62325DBEA98BE1A4E /* [CP] Check Pods Manifest.lock */,
				5E039D0B2227C8C2001229D2 /* Sources */,
				5E039D0C2227C8C2001229D2 /* Frameworks */,
				5E039D0D2227C8C2001229D2 /* Resources */,
				520E723CE9B0347A66FC604C /* [CP] Embed Pods Frameworks */,
			);
			buildRules = (
			);
			dependencies = (
			);
			name = moya_demo;
			productName = moya_demo;
			productReference = 5E039D0F2227C8C3001229D2 /* moya_demo.app */;
			productType = "com.apple.product-type.application";
		};
/* End PBXNativeTarget section */

/* Begin PBXProject section */
		5E039D072227C8C2001229D2 /* Project object */ = {
			isa = PBXProject;
			attributes = {
				LastSwiftUpdateCheck = 1010;
				LastUpgradeCheck = 1010;
				ORGANIZATIONNAME = ash;
				TargetAttributes = {
					5E039D0E2227C8C2001229D2 = {
						CreatedOnToolsVersion = 10.1;
					};
				};
			};
			buildConfigurationList = 5E039D0A2227C8C2001229D2 /* Build configuration list for PBXProject "moya_demo" */;
			compatibilityVersion = "Xcode 9.3";
			developmentRegion = en;
			hasScannedForEncodings = 0;
			knownRegions = (
				en,
				Base,
			);
			mainGroup = 5E039D062227C8C2001229D2;
			productRefGroup = 5E039D102227C8C3001229D2 /* Products */;
			projectDirPath = "";
			projectRoot = "";
			targets = (
				5E039D0E2227C8C2001229D2 /* moya_demo */,
			);
		};
/* End PBXProject section */

/* Begin PBXResourcesBuildPhase section */
		5E039D0D2227C8C2001229D2 /* Resources */ = {
			isa = PBXResourcesBuildPhase;
			buildActionMask = 2147483647;
			files = (
				5E039D1D2227C8C4001229D2 /* LaunchScreen.storyboard in Resources */,
				5E039D1A2227C8C4001229D2 /* Assets.xcassets in Resources */,
				5E039D182227C8C3001229D2 /* Main.storyboard in Resources */,
			);
			runOnlyForDeploymentPostprocessing = 0;
		};
/* End PBXResourcesBuildPhase section */

/* Begin PBXShellScriptBuildPhase section */
		520E723CE9B0347A66FC604C /* [CP] Embed Pods Frameworks */ = {
			isa = PBXShellScriptBuildPhase;
			buildActionMask = 2147483647;
			files = (
			);
			inputPaths = (
				"${SRCROOT}/Pods/Target Support Files/Pods-moya_demo/Pods-moya_demo-frameworks.sh",
				"${BUILT_PRODUCTS_DIR}/Alamofire/Alamofire.framework",
				"${BUILT_PRODUCTS_DIR}/Moya/Moya.framework",
				"${BUILT_PRODUCTS_DIR}/ObjectMapper/ObjectMapper.framework",
				"${BUILT_PRODUCTS_DIR}/Result/Result.framework",
				"${BUILT_PRODUCTS_DIR}/RxAtomic/RxAtomic.framework",
				"${BUILT_PRODUCTS_DIR}/RxSwift/RxSwift.framework",
			);
			name = "[CP] Embed Pods Frameworks";
			outputPaths = (
				"${TARGET_BUILD_DIR}/${FRAMEWORKS_FOLDER_PATH}/Alamofire.framework",
				"${TARGET_BUILD_DIR}/${FRAMEWORKS_FOLDER_PATH}/Moya.framework",
				"${TARGET_BUILD_DIR}/${FRAMEWORKS_FOLDER_PATH}/ObjectMapper.framework",
				"${TARGET_BUILD_DIR}/${FRAMEWORKS_FOLDER_PATH}/Result.framework",
				"${TARGET_BUILD_DIR}/${FRAMEWORKS_FOLDER_PATH}/RxAtomic.framework",
				"${TARGET_BUILD_DIR}/${FRAMEWORKS_FOLDER_PATH}/RxSwift.framework",
			);
			runOnlyForDeploymentPostprocessing = 0;
			shellPath = /bin/sh;
			shellScript = "\"${SRCROOT}/Pods/Target Support Files/Pods-moya_demo/Pods-moya_demo-frameworks.sh\"\n";
			showEnvVarsInLog = 0;
		};
		EE3DF0C62325DBEA98BE1A4E /* [CP] Check Pods Manifest.lock */ = {
			isa = PBXShellScriptBuildPhase;
			buildActionMask = 2147483647;
			files = (
			);
			inputPaths = (
				"${PODS_PODFILE_DIR_PATH}/Podfile.lock",
				"${PODS_ROOT}/Manifest.lock",
			);
			name = "[CP] Check Pods Manifest.lock";
			outputPaths = (
				"$(DERIVED_FILE_DIR)/Pods-moya_demo-checkManifestLockResult.txt",
			);
			runOnlyForDeploymentPostprocessing = 0;
			shellPath = /bin/sh;
			shellScript = "diff \"${PODS_PODFILE_DIR_PATH}/Podfile.lock\" \"${PODS_ROOT}/Manifest.lock\" > /dev/null\nif [ $? != 0 ] ; then\n    # print error to STDERR\n    echo \"error: The sandbox is not in sync with the Podfile.lock. Run 'pod install' or update your CocoaPods installation.\" >&2\n    exit 1\nfi\n# This output is used by Xcode 'outputs' to avoid re-running this script phase.\necho \"SUCCESS\" > \"${SCRIPT_OUTPUT_FILE_0}\"\n";
			showEnvVarsInLog = 0;
		};
/* End PBXShellScriptBuildPhase section */

/* Begin PBXSourcesBuildPhase section */
		5E039D0B2227C8C2001229D2 /* Sources */ = {
			isa = PBXSourcesBuildPhase;
			buildActionMask = 2147483647;
			files = (
				5E039D152227C8C3001229D2 /* ViewController.swift in Sources */,
				5E039D2B222A7A03001229D2 /* Single+ObjectMapper.swift in Sources */,
				5E039D132227C8C3001229D2 /* AppDelegate.swift in Sources */,
				5E039D29222A7468001229D2 /* ObservableType+ObjectMapper.swift in Sources */,
				5E039D26222A5FD2001229D2 /* Response+ObjectMapper.swift in Sources */,
			);
			runOnlyForDeploymentPostprocessing = 0;
		};
/* End PBXSourcesBuildPhase section */

/* Begin PBXVariantGroup section */
		5E039D162227C8C3001229D2 /* Main.storyboard */ = {
			isa = PBXVariantGroup;
			children = (
				5E039D172227C8C3001229D2 /* Base */,
			);
			name = Main.storyboard;
			sourceTree = "<group>";
		};
		5E039D1B2227C8C4001229D2 /* LaunchScreen.storyboard */ = {
			isa = PBXVariantGroup;
			children = (
				5E039D1C2227C8C4001229D2 /* Base */,
			);
			name = LaunchScreen.storyboard;
			sourceTree = "<group>";
		};
/* End PBXVariantGroup section */

/* Begin XCBuildConfiguration section */
		5E039D1F2227C8C4001229D2 /* Debug */ = {
			isa = XCBuildConfiguration;
			buildSettings = {
				ALWAYS_SEARCH_USER_PATHS = NO;
				CLANG_ANALYZER_NONNULL = YES;
				CLANG_ANALYZER_NUMBER_OBJECT_CONVERSION = YES_AGGRESSIVE;
				CLANG_CXX_LANGUAGE_STANDARD = "gnu++14";
				CLANG_CXX_LIBRARY = "libc++";
				CLANG_ENABLE_MODULES = YES;
				CLANG_ENABLE_OBJC_ARC = YES;
				CLANG_ENABLE_OBJC_WEAK = YES;
				CLANG_WARN_BLOCK_CAPTURE_AUTORELEASING = YES;
				CLANG_WARN_BOOL_CONVERSION = YES;
				CLANG_WARN_COMMA = YES;
				CLANG_WARN_CONSTANT_CONVERSION = YES;
				CLANG_WARN_DEPRECATED_OBJC_IMPLEMENTATIONS = YES;
				CLANG_WARN_DIRECT_OBJC_ISA_USAGE = YES_ERROR;
				CLANG_WARN_DOCUMENTATION_COMMENTS = YES;
				CLANG_WARN_EMPTY_BODY = YES;
				CLANG_WARN_ENUM_CONVERSION = YES;
				CLANG_WARN_INFINITE_RECURSION = YES;
				CLANG_WARN_INT_CONVERSION = YES;
				CLANG_WARN_NON_LITERAL_NULL_CONVERSION = YES;
				CLANG_WARN_OBJC_IMPLICIT_RETAIN_SELF = YES;
				CLANG_WARN_OBJC_LITERAL_CONVERSION = YES;
				CLANG_WARN_OBJC_ROOT_CLASS = YES_ERROR;
				CLANG_WARN_RANGE_LOOP_ANALYSIS = YES;
				CLANG_WARN_STRICT_PROTOTYPES = YES;
				CLANG_WARN_SUSPICIOUS_MOVE = YES;
				CLANG_WARN_UNGUARDED_AVAILABILITY = YES_AGGRESSIVE;
				CLANG_WARN_UNREACHABLE_CODE = YES;
				CLANG_WARN__DUPLICATE_METHOD_MATCH = YES;
				CODE_SIGN_IDENTITY = "iPhone Developer";
				COPY_PHASE_STRIP = NO;
				DEBUG_INFORMATION_FORMAT = dwarf;
				ENABLE_STRICT_OBJC_MSGSEND = YES;
				ENABLE_TESTABILITY = YES;
				GCC_C_LANGUAGE_STANDARD = gnu11;
				GCC_DYNAMIC_NO_PIC = NO;
				GCC_NO_COMMON_BLOCKS = YES;
				GCC_OPTIMIZATION_LEVEL = 0;
				GCC_PREPROCESSOR_DEFINITIONS = (
					"DEBUG=1",
					"$(inherited)",
				);
				GCC_WARN_64_TO_32_BIT_CONVERSION = YES;
				GCC_WARN_ABOUT_RETURN_TYPE = YES_ERROR;
				GCC_WARN_UNDECLARED_SELECTOR = YES;
				GCC_WARN_UNINITIALIZED_AUTOS = YES_AGGRESSIVE;
				GCC_WARN_UNUSED_FUNCTION = YES;
				GCC_WARN_UNUSED_VARIABLE = YES;
				IPHONEOS_DEPLOYMENT_TARGET = 12.1;
				MTL_ENABLE_DEBUG_INFO = INCLUDE_SOURCE;
				MTL_FAST_MATH = YES;
				ONLY_ACTIVE_ARCH = YES;
				SDKROOT = iphoneos;
				SWIFT_ACTIVE_COMPILATION_CONDITIONS = DEBUG;
				SWIFT_OPTIMIZATION_LEVEL = "-Onone";
			};
			name = Debug;
		};
		5E039D202227C8C4001229D2 /* Release */ = {
			isa = XCBuildConfiguration;
			buildSettings = {
				ALWAYS_SEARCH_USER_PATHS = NO;
				CLANG_ANALYZER_NONNULL = YES;
				CLANG_ANALYZER_NUMBER_OBJECT_CONVERSION = YES_AGGRESSIVE;
				CLANG_CXX_LANGUAGE_STANDARD = "gnu++14";
				CLANG_CXX_LIBRARY = "libc++";
				CLANG_ENABLE_MODULES = YES;
				CLANG_ENABLE_OBJC_ARC = YES;
				CLANG_ENABLE_OBJC_WEAK = YES;
				CLANG_WARN_BLOCK_CAPTURE_AUTORELEASING = YES;
				CLANG_WARN_BOOL_CONVERSION = YES;
				CLANG_WARN_COMMA = YES;
				CLANG_WARN_CONSTANT_CONVERSION = YES;
				CLANG_WARN_DEPRECATED_OBJC_IMPLEMENTATIONS = YES;
				CLANG_WARN_DIRECT_OBJC_ISA_USAGE = YES_ERROR;
				CLANG_WARN_DOCUMENTATION_COMMENTS = YES;
				CLANG_WARN_EMPTY_BODY = YES;
				CLANG_WARN_ENUM_CONVERSION = YES;
				CLANG_WARN_INFINITE_RECURSION = YES;
				CLANG_WARN_INT_CONVERSION = YES;
				CLANG_WARN_NON_LITERAL_NULL_CONVERSION = YES;
				CLANG_WARN_OBJC_IMPLICIT_RETAIN_SELF = YES;
				CLANG_WARN_OBJC_LITERAL_CONVERSION = YES;
				CLANG_WARN_OBJC_ROOT_CLASS = YES_ERROR;
				CLANG_WARN_RANGE_LOOP_ANALYSIS = YES;
				CLANG_WARN_STRICT_PROTOTYPES = YES;
				CLANG_WARN_SUSPICIOUS_MOVE = YES;
				CLANG_WARN_UNGUARDED_AVAILABILITY = YES_AGGRESSIVE;
				CLANG_WARN_UNREACHABLE_CODE = YES;
				CLANG_WARN__DUPLICATE_METHOD_MATCH = YES;
				CODE_SIGN_IDENTITY = "iPhone Developer";
				COPY_PHASE_STRIP = NO;
				DEBUG_INFORMATION_FORMAT = "dwarf-with-dsym";
				ENABLE_NS_ASSERTIONS = NO;
				ENABLE_STRICT_OBJC_MSGSEND = YES;
				GCC_C_LANGUAGE_STANDARD = gnu11;
				GCC_NO_COMMON_BLOCKS = YES;
				GCC_WARN_64_TO_32_BIT_CONVERSION = YES;
				GCC_WARN_ABOUT_RETURN_TYPE = YES_ERROR;
				GCC_WARN_UNDECLARED_SELECTOR = YES;
				GCC_WARN_UNINITIALIZED_AUTOS = YES_AGGRESSIVE;
				GCC_WARN_UNUSED_FUNCTION = YES;
				GCC_WARN_UNUSED_VARIABLE = YES;
				IPHONEOS_DEPLOYMENT_TARGET = 12.1;
				MTL_ENABLE_DEBUG_INFO = NO;
				MTL_FAST_MATH = YES;
				SDKROOT = iphoneos;
				SWIFT_COMPILATION_MODE = wholemodule;
				SWIFT_OPTIMIZATION_LEVEL = "-O";
				VALIDATE_PRODUCT = YES;
			};
			name = Release;
		};
		5E039D222227C8C4001229D2 /* Debug */ = {
			isa = XCBuildConfiguration;
			baseConfigurationReference = DD38CE9BF343C426AE655BFD /* Pods-moya_demo.debug.xcconfig */;
			buildSettings = {
				ASSETCATALOG_COMPILER_APPICON_NAME = AppIcon;
				CODE_SIGN_STYLE = Automatic;
				INFOPLIST_FILE = moya_demo/Info.plist;
				LD_RUNPATH_SEARCH_PATHS = (
					"$(inherited)",
					"@executable_path/Frameworks",
				);
				PRODUCT_BUNDLE_IDENTIFIER = "ash.moya-demo";
				PRODUCT_NAME = "$(TARGET_NAME)";
				SWIFT_VERSION = 4.2;
				TARGETED_DEVICE_FAMILY = "1,2";
			};
			name = Debug;
		};
		5E039D232227C8C4001229D2 /* Release */ = {
			isa = XCBuildConfiguration;
			baseConfigurationReference = F9AFCB938C4C9EAE5418E7D1 /* Pods-moya_demo.release.xcconfig */;
			buildSettings = {
				ASSETCATALOG_COMPILER_APPICON_NAME = AppIcon;
				CODE_SIGN_STYLE = Automatic;
				INFOPLIST_FILE = moya_demo/Info.plist;
				LD_RUNPATH_SEARCH_PATHS = (
					"$(inherited)",
					"@executable_path/Frameworks",
				);
				PRODUCT_BUNDLE_IDENTIFIER = "ash.moya-demo";
				PRODUCT_NAME = "$(TARGET_NAME)";
				SWIFT_VERSION = 4.2;
				TARGETED_DEVICE_FAMILY = "1,2";
			};
			name = Release;
		};
/* End XCBuildConfiguration section */

/* Begin XCConfigurationList section */
		5E039D0A2227C8C2001229D2 /* Build configuration list for PBXProject "moya_demo" */ = {
			isa = XCConfigurationList;
			buildConfigurations = (
				5E039D1F2227C8C4001229D2 /* Debug */,
				5E039D202227C8C4001229D2 /* Release */,
			);
			defaultConfigurationIsVisible = 0;
			defaultConfigurationName = Release;
		};
		5E039D212227C8C4001229D2 /* Build configuration list for PBXNativeTarget "moya_demo" */ = {
			isa = XCConfigurationList;
			buildConfigurations = (
				5E039D222227C8C4001229D2 /* Debug */,
				5E039D232227C8C4001229D2 /* Release */,
			);
			defaultConfigurationIsVisible = 0;
			defaultConfigurationName = Release;
		};
/* End XCConfigurationList section */
	};
	rootObject = 5E039D072227C8C2001229D2 /* Project object */;
}
